
Microsoft Visual Studio Solution File, Format Version 12.00
# Visual Studio Version 17
VisualStudioVersion = 17.2.32526.322
MinimumVisualStudioVersion = 10.0.40219.1
Project("{9A19103F-16F7-4668-BE54-9A1E7A4F7556}") = "BrandUp.Website", "src\BrandUp.Website\BrandUp.Website.csproj", "{D2C4149C-BA35-4C32-8B9D-F5A5EB72D74F}"
EndProject
Project("{9A19103F-16F7-4668-BE54-9A1E7A4F7556}") = "BrandUp.Website.Tests", "test\BrandUp.Website.Tests\BrandUp.Website.Tests.csproj", "{39928B03-36AA-4C82-AC30-ABD7537EEEA5}"
EndProject
Project("{2150E333-8FDC-42A3-9474-1A3956D46DE8}") = "_solution", "_solution", "{F1785BFF-4D74-4DFE-B6B3-EAAA864B4037}"
	ProjectSection(SolutionItems) = preProject
		.dockerignore = .dockerignore
		.gitignore = .gitignore
		azure-pipelines.yml = azure-pipelines.yml
		package.json = package.json
		README.md = README.md
	EndProjectSection
EndProject
Project("{9A19103F-16F7-4668-BE54-9A1E7A4F7556}") = "BrandUp.Website.Abstractions", "src\BrandUp.Website.Abstractions\BrandUp.Website.Abstractions.csproj", "{5B0EAD80-5FE3-4619-83BE-734B6ECC92D1}"
EndProject
Project("{54A90642-561A-4BB1-A94E-469ADEE60C69}") = "brandup-ui-website", "npm\brandup-ui-website\brandup-ui-website.esproj", "{298DE61C-BDDE-4DFC-BB9C-DEA67CD4FC6E}"
EndProject
Project("{2150E333-8FDC-42A3-9474-1A3956D46DE8}") = "npm", "npm", "{132CF0C7-A0EB-485E-86F0-BD088965EEDC}"
EndProject
Project("{2150E333-8FDC-42A3-9474-1A3956D46DE8}") = "net", "net", "{FEECA67A-B6AD-4AE9-A5D1-6D05C9015031}"
EndProject
Project("{2150E333-8FDC-42A3-9474-1A3956D46DE8}") = "src", "src", "{6C0AD4E0-13C1-45B9-AD84-C002FACC3A2A}"
EndProject
Project("{2150E333-8FDC-42A3-9474-1A3956D46DE8}") = "test", "test", "{67C243C5-90C9-4C59-9160-B09FF68194B5}"
EndProject
Project("{9A19103F-16F7-4668-BE54-9A1E7A4F7556}") = "ExampleWebSite", "example\ExampleWebSite.csproj", "{E14E148F-F07C-4BE3-B2A2-33BD165F40F9}"
EndProject
Global
	GlobalSection(SolutionConfigurationPlatforms) = preSolution
		Debug|Any CPU = Debug|Any CPU
		Release|Any CPU = Release|Any CPU
	EndGlobalSection
	GlobalSection(ProjectConfigurationPlatforms) = postSolution
		{D2C4149C-BA35-4C32-8B9D-F5A5EB72D74F}.Debug|Any CPU.ActiveCfg = Debug|Any CPU
		{D2C4149C-BA35-4C32-8B9D-F5A5EB72D74F}.Debug|Any CPU.Build.0 = Debug|Any CPU
		{D2C4149C-BA35-4C32-8B9D-F5A5EB72D74F}.Release|Any CPU.ActiveCfg = Release|Any CPU
		{D2C4149C-BA35-4C32-8B9D-F5A5EB72D74F}.Release|Any CPU.Build.0 = Release|Any CPU
		{39928B03-36AA-4C82-AC30-ABD7537EEEA5}.Debug|Any CPU.ActiveCfg = Debug|Any CPU
		{39928B03-36AA-4C82-AC30-ABD7537EEEA5}.Debug|Any CPU.Build.0 = Debug|Any CPU
		{39928B03-36AA-4C82-AC30-ABD7537EEEA5}.Release|Any CPU.ActiveCfg = Release|Any CPU
		{39928B03-36AA-4C82-AC30-ABD7537EEEA5}.Release|Any CPU.Build.0 = Release|Any CPU
		{5B0EAD80-5FE3-4619-83BE-734B6ECC92D1}.Debug|Any CPU.ActiveCfg = Debug|Any CPU
		{5B0EAD80-5FE3-4619-83BE-734B6ECC92D1}.Debug|Any CPU.Build.0 = Debug|Any CPU
		{5B0EAD80-5FE3-4619-83BE-734B6ECC92D1}.Release|Any CPU.ActiveCfg = Release|Any CPU
		{5B0EAD80-5FE3-4619-83BE-734B6ECC92D1}.Release|Any CPU.Build.0 = Release|Any CPU
		{298DE61C-BDDE-4DFC-BB9C-DEA67CD4FC6E}.Debug|Any CPU.ActiveCfg = Debug|Any CPU
		{298DE61C-BDDE-4DFC-BB9C-DEA67CD4FC6E}.Debug|Any CPU.Build.0 = Debug|Any CPU
		{298DE61C-BDDE-4DFC-BB9C-DEA67CD4FC6E}.Debug|Any CPU.Deploy.0 = Debug|Any CPU
		{298DE61C-BDDE-4DFC-BB9C-DEA67CD4FC6E}.Release|Any CPU.ActiveCfg = Release|Any CPU
		{298DE61C-BDDE-4DFC-BB9C-DEA67CD4FC6E}.Release|Any CPU.Build.0 = Release|Any CPU
		{298DE61C-BDDE-4DFC-BB9C-DEA67CD4FC6E}.Release|Any CPU.Deploy.0 = Release|Any CPU
		{E14E148F-F07C-4BE3-B2A2-33BD165F40F9}.Debug|Any CPU.ActiveCfg = Debug|Any CPU
		{E14E148F-F07C-4BE3-B2A2-33BD165F40F9}.Debug|Any CPU.Build.0 = Debug|Any CPU
		{E14E148F-F07C-4BE3-B2A2-33BD165F40F9}.Release|Any CPU.ActiveCfg = Release|Any CPU
		{E14E148F-F07C-4BE3-B2A2-33BD165F40F9}.Release|Any CPU.Build.0 = Release|Any CPU
	EndGlobalSection
	GlobalSection(SolutionProperties) = preSolution
		HideSolutionNode = FALSE
	EndGlobalSection
	GlobalSection(NestedProjects) = preSolution
		{D2C4149C-BA35-4C32-8B9D-F5A5EB72D74F} = {6C0AD4E0-13C1-45B9-AD84-C002FACC3A2A}
		{39928B03-36AA-4C82-AC30-ABD7537EEEA5} = {67C243C5-90C9-4C59-9160-B09FF68194B5}
		{5B0EAD80-5FE3-4619-83BE-734B6ECC92D1} = {6C0AD4E0-13C1-45B9-AD84-C002FACC3A2A}
		{298DE61C-BDDE-4DFC-BB9C-DEA67CD4FC6E} = {132CF0C7-A0EB-485E-86F0-BD088965EEDC}
		{6C0AD4E0-13C1-45B9-AD84-C002FACC3A2A} = {FEECA67A-B6AD-4AE9-A5D1-6D05C9015031}
		{67C243C5-90C9-4C59-9160-B09FF68194B5} = {FEECA67A-B6AD-4AE9-A5D1-6D05C9015031}
	EndGlobalSection
	GlobalSection(ExtensibilityGlobals) = postSolution
		SolutionGuid = {4F6416CC-AE5D-4097-B7B9-9E33838E4D5D}
	EndGlobalSection
EndGlobal
